
Microsoft Visual Studio Solution File, Format Version 12.00
# Visual Studio Version 16
VisualStudioVersion = 16.0.34902.97
MinimumVisualStudioVersion = 10.0.40219.1
Project("{FAE04EC0-301F-11D3-BF4B-00C04F79EFBC}") = "CaseFlowUI", "CaseFlowUI\CaseFlowUI.csproj", "{BA35E267-BD80-4299-BCA5-55E4F18B2A65}"
EndProject
Global
	GlobalSection(SolutionConfigurationPlatforms) = preSolution
		Debug|Any CPU = Debug|Any CPU
		Release|Any CPU = Release|Any CPU
	EndGlobalSection
	GlobalSection(ProjectConfigurationPlatforms) = postSolution
		{BA35E267-BD80-4299-BCA5-55E4F18B2A65}.Debug|Any CPU.ActiveCfg = Debug|Any CPU
		{BA35E267-BD80-4299-BCA5-55E4F18B2A65}.Debug|Any CPU.Build.0 = Debug|Any CPU
		{BA35E267-BD80-4299-BCA5-55E4F18B2A65}.Release|Any CPU.ActiveCfg = Release|Any CPU
		{BA35E267-BD80-4299-BCA5-55E4F18B2A65}.Release|Any CPU.Build.0 = Release|Any CPU
	EndGlobalSection
	GlobalSection(SolutionProperties) = preSolution
		HideSolutionNode = FALSE
	EndGlobalSection
	GlobalSection(ExtensibilityGlobals) = postSolution
		SolutionGuid = {AC5D513C-0C49-44B8-AC69-139EF2D240AE}
	EndGlobalSection
EndGlobal
